
Microsoft Visual Studio Solution File, Format Version 12.00
# Visual Studio Version 16
VisualStudioVersion = 16.0.31025.194
MinimumVisualStudioVersion = 10.0.40219.1
Project("{FAE04EC0-301F-11D3-BF4B-00C04F79EFBC}") = "BA.Exo01", "BA.Exo01\BA.Exo01.csproj", "{FD27C1B0-457E-403C-8699-01D5BF23BBF6}"
EndProject
Project("{FAE04EC0-301F-11D3-BF4B-00C04F79EFBC}") = "BA.Exo.Bonus01", "BA.Exo.Bonus01\BA.Exo.Bonus01.csproj", "{DF3CAAF6-E749-4DD7-83CE-4D7ECCF1B16A}"
EndProject
Project("{FAE04EC0-301F-11D3-BF4B-00C04F79EFBC}") = "BA.Exo02", "BA.Exo02\BA.Exo02.csproj", "{0E0D5129-6668-40A4-B695-84D50C544F22}"
EndProject
Project("{FAE04EC0-301F-11D3-BF4B-00C04F79EFBC}") = "BA.Exo.Bonus02", "BA.Exo.Bonus02\BA.Exo.Bonus02.csproj", "{CB7AF2B5-9702-4CE5-A063-D9592C80452B}"
EndProject
Project("{FAE04EC0-301F-11D3-BF4B-00C04F79EFBC}") = "BA.Exo03", "BA.Exo03\BA.Exo03.csproj", "{39122BDE-20FA-4AFD-A94C-96380E3B5699}"
EndProject
Project("{FAE04EC0-301F-11D3-BF4B-00C04F79EFBC}") = "BA.Exo04", "BA.Exo04\BA.Exo04.csproj", "{BC15D50D-275F-4FDA-9F9F-FA1FF9326C5F}"
EndProject
Project("{FAE04EC0-301F-11D3-BF4B-00C04F79EFBC}") = "BA.Exo05", "BA.Exo05\BA.Exo05.csproj", "{7240F643-ABB5-4E55-8E1A-1C3E7C11A195}"
EndProject
Project("{FAE04EC0-301F-11D3-BF4B-00C04F79EFBC}") = "BA.Exo.Bonus.Triangle", "BA.Exo.Bonus.Triangle\BA.Exo.Bonus.Triangle.csproj", "{6EECEDFC-D8CA-41B0-9FF9-C7DB3829F716}"
EndProject
Project("{FAE04EC0-301F-11D3-BF4B-00C04F79EFBC}") = "BA.Exo06", "BA.Exo06\BA.Exo06.csproj", "{51EAB528-F3E8-4A8B-A32A-2EEACC9802EB}"
EndProject
Project("{FAE04EC0-301F-11D3-BF4B-00C04F79EFBC}") = "BA.Exo07", "BA.Exo07\BA.Exo07.csproj", "{86C4F099-EC18-4AC1-B8E4-EBF18F3A0ED0}"
EndProject
Project("{FAE04EC0-301F-11D3-BF4B-00C04F79EFBC}") = "BA.Exo08", "BA.Exo08\BA.Exo08.csproj", "{6A7AD50A-2EC9-449A-AB56-A054FCA66620}"
EndProject
Project("{FAE04EC0-301F-11D3-BF4B-00C04F79EFBC}") = "BA.Exo09", "BA.Exo09\BA.Exo09.csproj", "{BCCE42A8-B9ED-4198-86A9-1EF5353B7CD9}"
EndProject
Project("{FAE04EC0-301F-11D3-BF4B-00C04F79EFBC}") = "BA.Exo10", "BA.Exo10\BA.Exo10.csproj", "{D26467C2-347A-494C-A841-793F427A64EF}"
EndProject
Project("{FAE04EC0-301F-11D3-BF4B-00C04F79EFBC}") = "BA.Exo11", "BA.Exo11\BA.Exo11.csproj", "{1DBA2382-C787-4CFC-8CE7-D54813CE3A5A}"
EndProject
Project("{FAE04EC0-301F-11D3-BF4B-00C04F79EFBC}") = "BA.Exo12", "BA.Exo12\BA.Exo12.csproj", "{FE99F192-87E8-45A5-A391-2BF58A05B0BA}"
EndProject
Project("{FAE04EC0-301F-11D3-BF4B-00C04F79EFBC}") = "BA.Exo13", "BA.Exo13\BA.Exo13.csproj", "{22BBBA69-DAF3-496E-B3DF-6D4B80E4BEED}"
EndProject
Global
	GlobalSection(SolutionConfigurationPlatforms) = preSolution
		Debug|Any CPU = Debug|Any CPU
		Release|Any CPU = Release|Any CPU
	EndGlobalSection
	GlobalSection(ProjectConfigurationPlatforms) = postSolution
		{FD27C1B0-457E-403C-8699-01D5BF23BBF6}.Debug|Any CPU.ActiveCfg = Debug|Any CPU
		{FD27C1B0-457E-403C-8699-01D5BF23BBF6}.Debug|Any CPU.Build.0 = Debug|Any CPU
		{FD27C1B0-457E-403C-8699-01D5BF23BBF6}.Release|Any CPU.ActiveCfg = Release|Any CPU
		{FD27C1B0-457E-403C-8699-01D5BF23BBF6}.Release|Any CPU.Build.0 = Release|Any CPU
		{DF3CAAF6-E749-4DD7-83CE-4D7ECCF1B16A}.Debug|Any CPU.ActiveCfg = Debug|Any CPU
		{DF3CAAF6-E749-4DD7-83CE-4D7ECCF1B16A}.Debug|Any CPU.Build.0 = Debug|Any CPU
		{DF3CAAF6-E749-4DD7-83CE-4D7ECCF1B16A}.Release|Any CPU.ActiveCfg = Release|Any CPU
		{DF3CAAF6-E749-4DD7-83CE-4D7ECCF1B16A}.Release|Any CPU.Build.0 = Release|Any CPU
		{0E0D5129-6668-40A4-B695-84D50C544F22}.Debug|Any CPU.ActiveCfg = Debug|Any CPU
		{0E0D5129-6668-40A4-B695-84D50C544F22}.Debug|Any CPU.Build.0 = Debug|Any CPU
		{0E0D5129-6668-40A4-B695-84D50C544F22}.Release|Any CPU.ActiveCfg = Release|Any CPU
		{0E0D5129-6668-40A4-B695-84D50C544F22}.Release|Any CPU.Build.0 = Release|Any CPU
		{CB7AF2B5-9702-4CE5-A063-D9592C80452B}.Debug|Any CPU.ActiveCfg = Debug|Any CPU
		{CB7AF2B5-9702-4CE5-A063-D9592C80452B}.Debug|Any CPU.Build.0 = Debug|Any CPU
		{CB7AF2B5-9702-4CE5-A063-D9592C80452B}.Release|Any CPU.ActiveCfg = Release|Any CPU
		{CB7AF2B5-9702-4CE5-A063-D9592C80452B}.Release|Any CPU.Build.0 = Release|Any CPU
		{39122BDE-20FA-4AFD-A94C-96380E3B5699}.Debug|Any CPU.ActiveCfg = Debug|Any CPU
		{39122BDE-20FA-4AFD-A94C-96380E3B5699}.Debug|Any CPU.Build.0 = Debug|Any CPU
		{39122BDE-20FA-4AFD-A94C-96380E3B5699}.Release|Any CPU.ActiveCfg = Release|Any CPU
		{39122BDE-20FA-4AFD-A94C-96380E3B5699}.Release|Any CPU.Build.0 = Release|Any CPU
		{BC15D50D-275F-4FDA-9F9F-FA1FF9326C5F}.Debug|Any CPU.ActiveCfg = Debug|Any CPU
		{BC15D50D-275F-4FDA-9F9F-FA1FF9326C5F}.Debug|Any CPU.Build.0 = Debug|Any CPU
		{BC15D50D-275F-4FDA-9F9F-FA1FF9326C5F}.Release|Any CPU.ActiveCfg = Release|Any CPU
		{BC15D50D-275F-4FDA-9F9F-FA1FF9326C5F}.Release|Any CPU.Build.0 = Release|Any CPU
		{7240F643-ABB5-4E55-8E1A-1C3E7C11A195}.Debug|Any CPU.ActiveCfg = Debug|Any CPU
		{7240F643-ABB5-4E55-8E1A-1C3E7C11A195}.Debug|Any CPU.Build.0 = Debug|Any CPU
		{7240F643-ABB5-4E55-8E1A-1C3E7C11A195}.Release|Any CPU.ActiveCfg = Release|Any CPU
		{7240F643-ABB5-4E55-8E1A-1C3E7C11A195}.Release|Any CPU.Build.0 = Release|Any CPU
		{6EECEDFC-D8CA-41B0-9FF9-C7DB3829F716}.Debug|Any CPU.ActiveCfg = Debug|Any CPU
		{6EECEDFC-D8CA-41B0-9FF9-C7DB3829F716}.Debug|Any CPU.Build.0 = Debug|Any CPU
		{6EECEDFC-D8CA-41B0-9FF9-C7DB3829F716}.Release|Any CPU.ActiveCfg = Release|Any CPU
		{6EECEDFC-D8CA-41B0-9FF9-C7DB3829F716}.Release|Any CPU.Build.0 = Release|Any CPU
		{51EAB528-F3E8-4A8B-A32A-2EEACC9802EB}.Debug|Any CPU.ActiveCfg = Debug|Any CPU
		{51EAB528-F3E8-4A8B-A32A-2EEACC9802EB}.Debug|Any CPU.Build.0 = Debug|Any CPU
		{51EAB528-F3E8-4A8B-A32A-2EEACC9802EB}.Release|Any CPU.ActiveCfg = Release|Any CPU
		{51EAB528-F3E8-4A8B-A32A-2EEACC9802EB}.Release|Any CPU.Build.0 = Release|Any CPU
		{86C4F099-EC18-4AC1-B8E4-EBF18F3A0ED0}.Debug|Any CPU.ActiveCfg = Debug|Any CPU
		{86C4F099-EC18-4AC1-B8E4-EBF18F3A0ED0}.Debug|Any CPU.Build.0 = Debug|Any CPU
		{86C4F099-EC18-4AC1-B8E4-EBF18F3A0ED0}.Release|Any CPU.ActiveCfg = Release|Any CPU
		{86C4F099-EC18-4AC1-B8E4-EBF18F3A0ED0}.Release|Any CPU.Build.0 = Release|Any CPU
		{6A7AD50A-2EC9-449A-AB56-A054FCA66620}.Debug|Any CPU.ActiveCfg = Debug|Any CPU
		{6A7AD50A-2EC9-449A-AB56-A054FCA66620}.Debug|Any CPU.Build.0 = Debug|Any CPU
		{6A7AD50A-2EC9-449A-AB56-A054FCA66620}.Release|Any CPU.ActiveCfg = Release|Any CPU
		{6A7AD50A-2EC9-449A-AB56-A054FCA66620}.Release|Any CPU.Build.0 = Release|Any CPU
		{BCCE42A8-B9ED-4198-86A9-1EF5353B7CD9}.Debug|Any CPU.ActiveCfg = Debug|Any CPU
		{BCCE42A8-B9ED-4198-86A9-1EF5353B7CD9}.Debug|Any CPU.Build.0 = Debug|Any CPU
		{BCCE42A8-B9ED-4198-86A9-1EF5353B7CD9}.Release|Any CPU.ActiveCfg = Release|Any CPU
		{BCCE42A8-B9ED-4198-86A9-1EF5353B7CD9}.Release|Any CPU.Build.0 = Release|Any CPU
		{D26467C2-347A-494C-A841-793F427A64EF}.Debug|Any CPU.ActiveCfg = Debug|Any CPU
		{D26467C2-347A-494C-A841-793F427A64EF}.Debug|Any CPU.Build.0 = Debug|Any CPU
		{D26467C2-347A-494C-A841-793F427A64EF}.Release|Any CPU.ActiveCfg = Release|Any CPU
		{D26467C2-347A-494C-A841-793F427A64EF}.Release|Any CPU.Build.0 = Release|Any CPU
		{1DBA2382-C787-4CFC-8CE7-D54813CE3A5A}.Debug|Any CPU.ActiveCfg = Debug|Any CPU
		{1DBA2382-C787-4CFC-8CE7-D54813CE3A5A}.Debug|Any CPU.Build.0 = Debug|Any CPU
		{1DBA2382-C787-4CFC-8CE7-D54813CE3A5A}.Release|Any CPU.ActiveCfg = Release|Any CPU
		{1DBA2382-C787-4CFC-8CE7-D54813CE3A5A}.Release|Any CPU.Build.0 = Release|Any CPU
		{FE99F192-87E8-45A5-A391-2BF58A05B0BA}.Debug|Any CPU.ActiveCfg = Debug|Any CPU
		{FE99F192-87E8-45A5-A391-2BF58A05B0BA}.Debug|Any CPU.Build.0 = Debug|Any CPU
		{FE99F192-87E8-45A5-A391-2BF58A05B0BA}.Release|Any CPU.ActiveCfg = Release|Any CPU
		{FE99F192-87E8-45A5-A391-2BF58A05B0BA}.Release|Any CPU.Build.0 = Release|Any CPU
		{22BBBA69-DAF3-496E-B3DF-6D4B80E4BEED}.Debug|Any CPU.ActiveCfg = Debug|Any CPU
		{22BBBA69-DAF3-496E-B3DF-6D4B80E4BEED}.Debug|Any CPU.Build.0 = Debug|Any CPU
		{22BBBA69-DAF3-496E-B3DF-6D4B80E4BEED}.Release|Any CPU.ActiveCfg = Release|Any CPU
		{22BBBA69-DAF3-496E-B3DF-6D4B80E4BEED}.Release|Any CPU.Build.0 = Release|Any CPU
	EndGlobalSection
	GlobalSection(SolutionProperties) = preSolution
		HideSolutionNode = FALSE
	EndGlobalSection
	GlobalSection(ExtensibilityGlobals) = postSolution
		SolutionGuid = {E2504F7D-71C5-4ED8-9F02-9B39FAA52F2E}
	EndGlobalSection
EndGlobal
